
Microsoft Visual Studio Solution File, Format Version 12.00
# Visual Studio Version 17
VisualStudioVersion = 17.0.31903.59
MinimumVisualStudioVersion = 10.0.40219.1
Project("{FAE04EC0-301F-11D3-BF4B-00C04F79EFBC}") = "ThirdOpinion.Common.Aws.DynamoDb", "src\ThirdOpinion.Common.Aws.DynamoDb\ThirdOpinion.Common.Aws.DynamoDb.csproj", "{DD6EE489-B293-4CE7-8E89-4C33B3F4CC86}"
EndProject
Project("{FAE04EC0-301F-11D3-BF4B-00C04F79EFBC}") = "ThirdOpinion.Common.Aws.S3", "src\ThirdOpinion.Common.Aws.S3\ThirdOpinion.Common.Aws.S3.csproj", "{91A43C8D-3758-4FCF-9A87-3DA1C325FC93}"
EndProject
Project("{FAE04EC0-301F-11D3-BF4B-00C04F79EFBC}") = "ThirdOpinion.Common.Aws.SQS", "src\ThirdOpinion.Common.Aws.SQS\ThirdOpinion.Common.Aws.SQS.csproj", "{3A9A1893-C6B1-4C51-BF6F-D16AB480A420}"
EndProject
Project("{FAE04EC0-301F-11D3-BF4B-00C04F79EFBC}") = "ThirdOpinion.Common.Aws.UnitTests", "ThirdOpinion.Common.Aws.UnitTests\ThirdOpinion.Common.Aws.UnitTests.csproj", "{3F6E4900-2F30-4DC8-B1AB-B289DBB8ED53}"
EndProject
Project("{2150E333-8FDC-42A3-9474-1A3956D46DE8}") = "aws", "aws", "{A02A44FD-2736-4B51-90AD-0BDCDDCB149B}"
EndProject
Project("{FAE04EC0-301F-11D3-BF4B-00C04F79EFBC}") = "ThirdOpinion.Common.Aws.Cognito", "src\ThirdOpinion.Common.Aws.Cognito\ThirdOpinion.Common.Aws.Cognito.csproj", "{2E096372-94DF-4213-AF37-DA739A644CCB}"
EndProject
Project("{FAE04EC0-301F-11D3-BF4B-00C04F79EFBC}") = "ThirdOpinion.Common.Misc", "src\ThirdOpinion.Common.Misc\ThirdOpinion.Common.Misc.csproj", "{5D1B7C8C-14A5-48F5-85CD-F3B708A96382}"
EndProject
Project("{FAE04EC0-301F-11D3-BF4B-00C04F79EFBC}") = "ThirdOpinion.Common.UnitTests", "ThirdOpinion.Common.UnitTests\ThirdOpinion.Common.UnitTests.csproj", "{96F4676C-613B-41BF-B442-6B1B6C044D81}"
EndProject
Project("{FAE04EC0-301F-11D3-BF4B-00C04F79EFBC}") = "ThirdOpinion.Common.FunctionalTests", "ThirdOpinion.Common.FunctionalTests\ThirdOpinion.Common.FunctionalTests.csproj", "{B9A4B802-FC87-46B4-8DFD-80CA41BA89E0}"
EndProject
Project("{FAE04EC0-301F-11D3-BF4B-00C04F79EFBC}") = "ThirdOpinion.Common.TestApi", "ThirdOpinion.Common.TestApi\ThirdOpinion.Common.TestApi.csproj", "{A33E8D60-ED6A-429B-B9B5-41C28AF4A652}"
EndProject
Project("{FAE04EC0-301F-11D3-BF4B-00C04F79EFBC}") = "ThirdOpinion.Common.TestApi.Tests", "ThirdOpinion.Common.TestApi.Tests\ThirdOpinion.Common.TestApi.Tests.csproj", "{EF061C85-6736-4641-84CB-E0F9FF22C092}"
EndProject
Project("{FAE04EC0-301F-11D3-BF4B-00C04F79EFBC}") = "ThirdOpinion.Common", "src\ThirdOpinion.Common.csproj", "{9386FA2F-3E31-4675-9E32-18374D1F94B2}"
EndProject
Global
	GlobalSection(SolutionConfigurationPlatforms) = preSolution
		Debug|Any CPU = Debug|Any CPU
		Debug|x64 = Debug|x64
		Debug|x86 = Debug|x86
		Release|Any CPU = Release|Any CPU
		Release|x64 = Release|x64
		Release|x86 = Release|x86
	EndGlobalSection
	GlobalSection(ProjectConfigurationPlatforms) = postSolution
		{DD6EE489-B293-4CE7-8E89-4C33B3F4CC86}.Debug|Any CPU.ActiveCfg = Debug|Any CPU
		{DD6EE489-B293-4CE7-8E89-4C33B3F4CC86}.Debug|Any CPU.Build.0 = Debug|Any CPU
		{DD6EE489-B293-4CE7-8E89-4C33B3F4CC86}.Debug|x64.ActiveCfg = Debug|Any CPU
		{DD6EE489-B293-4CE7-8E89-4C33B3F4CC86}.Debug|x64.Build.0 = Debug|Any CPU
		{DD6EE489-B293-4CE7-8E89-4C33B3F4CC86}.Debug|x86.ActiveCfg = Debug|Any CPU
		{DD6EE489-B293-4CE7-8E89-4C33B3F4CC86}.Debug|x86.Build.0 = Debug|Any CPU
		{DD6EE489-B293-4CE7-8E89-4C33B3F4CC86}.Release|Any CPU.ActiveCfg = Release|Any CPU
		{DD6EE489-B293-4CE7-8E89-4C33B3F4CC86}.Release|Any CPU.Build.0 = Release|Any CPU
		{DD6EE489-B293-4CE7-8E89-4C33B3F4CC86}.Release|x64.ActiveCfg = Release|Any CPU
		{DD6EE489-B293-4CE7-8E89-4C33B3F4CC86}.Release|x64.Build.0 = Release|Any CPU
		{DD6EE489-B293-4CE7-8E89-4C33B3F4CC86}.Release|x86.ActiveCfg = Release|Any CPU
		{DD6EE489-B293-4CE7-8E89-4C33B3F4CC86}.Release|x86.Build.0 = Release|Any CPU
		{91A43C8D-3758-4FCF-9A87-3DA1C325FC93}.Debug|Any CPU.ActiveCfg = Debug|Any CPU
		{91A43C8D-3758-4FCF-9A87-3DA1C325FC93}.Debug|Any CPU.Build.0 = Debug|Any CPU
		{91A43C8D-3758-4FCF-9A87-3DA1C325FC93}.Debug|x64.ActiveCfg = Debug|Any CPU
		{91A43C8D-3758-4FCF-9A87-3DA1C325FC93}.Debug|x64.Build.0 = Debug|Any CPU
		{91A43C8D-3758-4FCF-9A87-3DA1C325FC93}.Debug|x86.ActiveCfg = Debug|Any CPU
		{91A43C8D-3758-4FCF-9A87-3DA1C325FC93}.Debug|x86.Build.0 = Debug|Any CPU
		{91A43C8D-3758-4FCF-9A87-3DA1C325FC93}.Release|Any CPU.ActiveCfg = Release|Any CPU
		{91A43C8D-3758-4FCF-9A87-3DA1C325FC93}.Release|Any CPU.Build.0 = Release|Any CPU
		{91A43C8D-3758-4FCF-9A87-3DA1C325FC93}.Release|x64.ActiveCfg = Release|Any CPU
		{91A43C8D-3758-4FCF-9A87-3DA1C325FC93}.Release|x64.Build.0 = Release|Any CPU
		{91A43C8D-3758-4FCF-9A87-3DA1C325FC93}.Release|x86.ActiveCfg = Release|Any CPU
		{91A43C8D-3758-4FCF-9A87-3DA1C325FC93}.Release|x86.Build.0 = Release|Any CPU
		{3A9A1893-C6B1-4C51-BF6F-D16AB480A420}.Debug|Any CPU.ActiveCfg = Debug|Any CPU
		{3A9A1893-C6B1-4C51-BF6F-D16AB480A420}.Debug|Any CPU.Build.0 = Debug|Any CPU
		{3A9A1893-C6B1-4C51-BF6F-D16AB480A420}.Debug|x64.ActiveCfg = Debug|Any CPU
		{3A9A1893-C6B1-4C51-BF6F-D16AB480A420}.Debug|x64.Build.0 = Debug|Any CPU
		{3A9A1893-C6B1-4C51-BF6F-D16AB480A420}.Debug|x86.ActiveCfg = Debug|Any CPU
		{3A9A1893-C6B1-4C51-BF6F-D16AB480A420}.Debug|x86.Build.0 = Debug|Any CPU
		{3A9A1893-C6B1-4C51-BF6F-D16AB480A420}.Release|Any CPU.ActiveCfg = Release|Any CPU
		{3A9A1893-C6B1-4C51-BF6F-D16AB480A420}.Release|Any CPU.Build.0 = Release|Any CPU
		{3A9A1893-C6B1-4C51-BF6F-D16AB480A420}.Release|x64.ActiveCfg = Release|Any CPU
		{3A9A1893-C6B1-4C51-BF6F-D16AB480A420}.Release|x64.Build.0 = Release|Any CPU
		{3A9A1893-C6B1-4C51-BF6F-D16AB480A420}.Release|x86.ActiveCfg = Release|Any CPU
		{3A9A1893-C6B1-4C51-BF6F-D16AB480A420}.Release|x86.Build.0 = Release|Any CPU
		{3F6E4900-2F30-4DC8-B1AB-B289DBB8ED53}.Debug|Any CPU.ActiveCfg = Debug|Any CPU
		{3F6E4900-2F30-4DC8-B1AB-B289DBB8ED53}.Debug|Any CPU.Build.0 = Debug|Any CPU
		{3F6E4900-2F30-4DC8-B1AB-B289DBB8ED53}.Debug|x64.ActiveCfg = Debug|Any CPU
		{3F6E4900-2F30-4DC8-B1AB-B289DBB8ED53}.Debug|x64.Build.0 = Debug|Any CPU
		{3F6E4900-2F30-4DC8-B1AB-B289DBB8ED53}.Debug|x86.ActiveCfg = Debug|Any CPU
		{3F6E4900-2F30-4DC8-B1AB-B289DBB8ED53}.Debug|x86.Build.0 = Debug|Any CPU
		{3F6E4900-2F30-4DC8-B1AB-B289DBB8ED53}.Release|Any CPU.ActiveCfg = Release|Any CPU
		{3F6E4900-2F30-4DC8-B1AB-B289DBB8ED53}.Release|Any CPU.Build.0 = Release|Any CPU
		{3F6E4900-2F30-4DC8-B1AB-B289DBB8ED53}.Release|x64.ActiveCfg = Release|Any CPU
		{3F6E4900-2F30-4DC8-B1AB-B289DBB8ED53}.Release|x64.Build.0 = Release|Any CPU
		{3F6E4900-2F30-4DC8-B1AB-B289DBB8ED53}.Release|x86.ActiveCfg = Release|Any CPU
		{3F6E4900-2F30-4DC8-B1AB-B289DBB8ED53}.Release|x86.Build.0 = Release|Any CPU
		{2E096372-94DF-4213-AF37-DA739A644CCB}.Debug|Any CPU.ActiveCfg = Debug|Any CPU
		{2E096372-94DF-4213-AF37-DA739A644CCB}.Debug|Any CPU.Build.0 = Debug|Any CPU
		{2E096372-94DF-4213-AF37-DA739A644CCB}.Debug|x64.ActiveCfg = Debug|Any CPU
		{2E096372-94DF-4213-AF37-DA739A644CCB}.Debug|x64.Build.0 = Debug|Any CPU
		{2E096372-94DF-4213-AF37-DA739A644CCB}.Debug|x86.ActiveCfg = Debug|Any CPU
		{2E096372-94DF-4213-AF37-DA739A644CCB}.Debug|x86.Build.0 = Debug|Any CPU
		{2E096372-94DF-4213-AF37-DA739A644CCB}.Release|Any CPU.ActiveCfg = Release|Any CPU
		{2E096372-94DF-4213-AF37-DA739A644CCB}.Release|Any CPU.Build.0 = Release|Any CPU
		{2E096372-94DF-4213-AF37-DA739A644CCB}.Release|x64.ActiveCfg = Release|Any CPU
		{2E096372-94DF-4213-AF37-DA739A644CCB}.Release|x64.Build.0 = Release|Any CPU
		{2E096372-94DF-4213-AF37-DA739A644CCB}.Release|x86.ActiveCfg = Release|Any CPU
		{2E096372-94DF-4213-AF37-DA739A644CCB}.Release|x86.Build.0 = Release|Any CPU
		{5D1B7C8C-14A5-48F5-85CD-F3B708A96382}.Debug|Any CPU.ActiveCfg = Debug|Any CPU
		{5D1B7C8C-14A5-48F5-85CD-F3B708A96382}.Debug|Any CPU.Build.0 = Debug|Any CPU
		{5D1B7C8C-14A5-48F5-85CD-F3B708A96382}.Debug|x64.ActiveCfg = Debug|Any CPU
		{5D1B7C8C-14A5-48F5-85CD-F3B708A96382}.Debug|x64.Build.0 = Debug|Any CPU
		{5D1B7C8C-14A5-48F5-85CD-F3B708A96382}.Debug|x86.ActiveCfg = Debug|Any CPU
		{5D1B7C8C-14A5-48F5-85CD-F3B708A96382}.Debug|x86.Build.0 = Debug|Any CPU
		{5D1B7C8C-14A5-48F5-85CD-F3B708A96382}.Release|Any CPU.ActiveCfg = Release|Any CPU
		{5D1B7C8C-14A5-48F5-85CD-F3B708A96382}.Release|Any CPU.Build.0 = Release|Any CPU
		{5D1B7C8C-14A5-48F5-85CD-F3B708A96382}.Release|x64.ActiveCfg = Release|Any CPU
		{5D1B7C8C-14A5-48F5-85CD-F3B708A96382}.Release|x64.Build.0 = Release|Any CPU
		{5D1B7C8C-14A5-48F5-85CD-F3B708A96382}.Release|x86.ActiveCfg = Release|Any CPU
		{5D1B7C8C-14A5-48F5-85CD-F3B708A96382}.Release|x86.Build.0 = Release|Any CPU
		{96F4676C-613B-41BF-B442-6B1B6C044D81}.Debug|Any CPU.ActiveCfg = Debug|Any CPU
		{96F4676C-613B-41BF-B442-6B1B6C044D81}.Debug|Any CPU.Build.0 = Debug|Any CPU
		{96F4676C-613B-41BF-B442-6B1B6C044D81}.Debug|x64.ActiveCfg = Debug|Any CPU
		{96F4676C-613B-41BF-B442-6B1B6C044D81}.Debug|x64.Build.0 = Debug|Any CPU
		{96F4676C-613B-41BF-B442-6B1B6C044D81}.Debug|x86.ActiveCfg = Debug|Any CPU
		{96F4676C-613B-41BF-B442-6B1B6C044D81}.Debug|x86.Build.0 = Debug|Any CPU
		{96F4676C-613B-41BF-B442-6B1B6C044D81}.Release|Any CPU.ActiveCfg = Release|Any CPU
		{96F4676C-613B-41BF-B442-6B1B6C044D81}.Release|Any CPU.Build.0 = Release|Any CPU
		{96F4676C-613B-41BF-B442-6B1B6C044D81}.Release|x64.ActiveCfg = Release|Any CPU
		{96F4676C-613B-41BF-B442-6B1B6C044D81}.Release|x64.Build.0 = Release|Any CPU
		{96F4676C-613B-41BF-B442-6B1B6C044D81}.Release|x86.ActiveCfg = Release|Any CPU
		{96F4676C-613B-41BF-B442-6B1B6C044D81}.Release|x86.Build.0 = Release|Any CPU
		{B9A4B802-FC87-46B4-8DFD-80CA41BA89E0}.Debug|Any CPU.ActiveCfg = Debug|Any CPU
		{B9A4B802-FC87-46B4-8DFD-80CA41BA89E0}.Debug|Any CPU.Build.0 = Debug|Any CPU
		{B9A4B802-FC87-46B4-8DFD-80CA41BA89E0}.Debug|x64.ActiveCfg = Debug|Any CPU
		{B9A4B802-FC87-46B4-8DFD-80CA41BA89E0}.Debug|x86.ActiveCfg = Debug|Any CPU
		{B9A4B802-FC87-46B4-8DFD-80CA41BA89E0}.Release|Any CPU.ActiveCfg = Release|Any CPU
		{B9A4B802-FC87-46B4-8DFD-80CA41BA89E0}.Release|x64.ActiveCfg = Release|Any CPU
		{B9A4B802-FC87-46B4-8DFD-80CA41BA89E0}.Release|x86.ActiveCfg = Release|Any CPU
		{A33E8D60-ED6A-429B-B9B5-41C28AF4A652}.Debug|Any CPU.ActiveCfg = Debug|Any CPU
		{A33E8D60-ED6A-429B-B9B5-41C28AF4A652}.Debug|Any CPU.Build.0 = Debug|Any CPU
		{A33E8D60-ED6A-429B-B9B5-41C28AF4A652}.Debug|x64.ActiveCfg = Debug|Any CPU
		{A33E8D60-ED6A-429B-B9B5-41C28AF4A652}.Debug|x64.Build.0 = Debug|Any CPU
		{A33E8D60-ED6A-429B-B9B5-41C28AF4A652}.Debug|x86.ActiveCfg = Debug|Any CPU
		{A33E8D60-ED6A-429B-B9B5-41C28AF4A652}.Debug|x86.Build.0 = Debug|Any CPU
		{A33E8D60-ED6A-429B-B9B5-41C28AF4A652}.Release|Any CPU.ActiveCfg = Release|Any CPU
		{A33E8D60-ED6A-429B-B9B5-41C28AF4A652}.Release|Any CPU.Build.0 = Release|Any CPU
		{A33E8D60-ED6A-429B-B9B5-41C28AF4A652}.Release|x64.ActiveCfg = Release|Any CPU
		{A33E8D60-ED6A-429B-B9B5-41C28AF4A652}.Release|x64.Build.0 = Release|Any CPU
		{A33E8D60-ED6A-429B-B9B5-41C28AF4A652}.Release|x86.ActiveCfg = Release|Any CPU
		{A33E8D60-ED6A-429B-B9B5-41C28AF4A652}.Release|x86.Build.0 = Release|Any CPU
		{EF061C85-6736-4641-84CB-E0F9FF22C092}.Debug|Any CPU.ActiveCfg = Debug|Any CPU
		{EF061C85-6736-4641-84CB-E0F9FF22C092}.Debug|Any CPU.Build.0 = Debug|Any CPU
		{EF061C85-6736-4641-84CB-E0F9FF22C092}.Debug|x64.ActiveCfg = Debug|Any CPU
		{EF061C85-6736-4641-84CB-E0F9FF22C092}.Debug|x64.Build.0 = Debug|Any CPU
		{EF061C85-6736-4641-84CB-E0F9FF22C092}.Debug|x86.ActiveCfg = Debug|Any CPU
		{EF061C85-6736-4641-84CB-E0F9FF22C092}.Debug|x86.Build.0 = Debug|Any CPU
		{EF061C85-6736-4641-84CB-E0F9FF22C092}.Release|Any CPU.ActiveCfg = Release|Any CPU
		{EF061C85-6736-4641-84CB-E0F9FF22C092}.Release|Any CPU.Build.0 = Release|Any CPU
		{EF061C85-6736-4641-84CB-E0F9FF22C092}.Release|x64.ActiveCfg = Release|Any CPU
		{EF061C85-6736-4641-84CB-E0F9FF22C092}.Release|x64.Build.0 = Release|Any CPU
		{EF061C85-6736-4641-84CB-E0F9FF22C092}.Release|x86.ActiveCfg = Release|Any CPU
		{EF061C85-6736-4641-84CB-E0F9FF22C092}.Release|x86.Build.0 = Release|Any CPU
		{9386FA2F-3E31-4675-9E32-18374D1F94B2}.Debug|Any CPU.ActiveCfg = Debug|Any CPU
	EndGlobalSection
	GlobalSection(SolutionProperties) = preSolution
		HideSolutionNode = FALSE
	EndGlobalSection
	GlobalSection(NestedProjects) = preSolution
		{DD6EE489-B293-4CE7-8E89-4C33B3F4CC86} = {A02A44FD-2736-4B51-90AD-0BDCDDCB149B}
		{91A43C8D-3758-4FCF-9A87-3DA1C325FC93} = {A02A44FD-2736-4B51-90AD-0BDCDDCB149B}
		{3A9A1893-C6B1-4C51-BF6F-D16AB480A420} = {A02A44FD-2736-4B51-90AD-0BDCDDCB149B}
		{3F6E4900-2F30-4DC8-B1AB-B289DBB8ED53} = {A02A44FD-2736-4B51-90AD-0BDCDDCB149B}
		{2E096372-94DF-4213-AF37-DA739A644CCB} = {A02A44FD-2736-4B51-90AD-0BDCDDCB149B}
	EndGlobalSection
EndGlobal
