
Microsoft Visual Studio Solution File, Format Version 12.00
# Visual Studio Version 17
VisualStudioVersion = 17.0.31903.59
MinimumVisualStudioVersion = 10.0.40219.1
Project("{FAE04EC0-301F-11D3-BF4B-00C04F79EFBC}") = "ThirdOpinion.Common.Aws.DynamoDb", "ThirdOpinion.Common.Aws.DynamoDb\ThirdOpinion.Common.Aws.DynamoDb.csproj", "{DD6EE489-B293-4CE7-8E89-4C33B3F4CC86}"
EndProject
Project("{FAE04EC0-301F-11D3-BF4B-00C04F79EFBC}") = "ThirdOpinion.Common.Aws.S3", "ThirdOpinion.Common.Aws.S3\ThirdOpinion.Common.Aws.S3.csproj", "{91A43C8D-3758-4FCF-9A87-3DA1C325FC93}"
EndProject
Project("{FAE04EC0-301F-11D3-BF4B-00C04F79EFBC}") = "ThirdOpinion.Common.Aws.SQS", "ThirdOpinion.Common.Aws.SQS\ThirdOpinion.Common.Aws.SQS.csproj", "{3A9A1893-C6B1-4C51-BF6F-D16AB480A420}"
EndProject
Project("{FAE04EC0-301F-11D3-BF4B-00C04F79EFBC}") = "ThirdOpinion.Common.Aws.UnitTests", "ThirdOpinion.Common.Aws.UnitTests\ThirdOpinion.Common.Aws.UnitTests.csproj", "{3F6E4900-2F30-4DC8-B1AB-B289DBB8ED53}"
EndProject
Project("{FAE04EC0-301F-11D3-BF4B-00C04F79EFBC}") = "ThirdOpinion.Common.Aws.Cognito", "ThirdOpinion.Common.Aws.Cognito\ThirdOpinion.Common.Aws.Cognito.csproj", "{2E096372-94DF-4213-AF37-DA739A644CCB}"
EndProject
Project("{FAE04EC0-301F-11D3-BF4B-00C04F79EFBC}") = "ThirdOpinion.Common.Misc", "ThirdOpinion.Common.Misc\ThirdOpinion.Common.Misc.csproj", "{5D1B7C8C-14A5-48F5-85CD-F3B708A96382}"
EndProject
Project("{FAE04EC0-301F-11D3-BF4B-00C04F79EFBC}") = "ThirdOpinion.Common.Misc.UnitTests", "ThirdOpinion.Common.Misc.UnitTests\ThirdOpinion.Common.Misc.UnitTests.csproj", "{96F4676C-613B-41BF-B442-6B1B6C044D81}"
EndProject
Project("{FAE04EC0-301F-11D3-BF4B-00C04F79EFBC}") = "ThirdOpinion.Common.FunctionalTests", "ThirdOpinion.Common.FunctionalTests\ThirdOpinion.Common.FunctionalTests.csproj", "{B9A4B802-FC87-46B4-8DFD-80CA41BA89E0}"
EndProject
Project("{FAE04EC0-301F-11D3-BF4B-00C04F79EFBC}") = "ThirdOpinion.Common.TestApi", "ThirdOpinion.Common.TestApi\ThirdOpinion.Common.TestApi.csproj", "{A33E8D60-ED6A-429B-B9B5-41C28AF4A652}"
EndProject
Project("{FAE04EC0-301F-11D3-BF4B-00C04F79EFBC}") = "ThirdOpinion.Common.TestApi.Tests", "ThirdOpinion.Common.TestApi.Tests\ThirdOpinion.Common.TestApi.Tests.csproj", "{EF061C85-6736-4641-84CB-E0F9FF22C092}"
EndProject
Project("{FAE04EC0-301F-11D3-BF4B-00C04F79EFBC}") = "ThirdOpinion.Common.Fhir.UnitTests", "ThirdOpinion.Common.Fhir.UnitTests\ThirdOpinion.Common.Fhir.UnitTests.csproj", "{4EB69A2E-7E3C-47DE-BFD0-971706FCBE02}"
EndProject
Project("{FAE04EC0-301F-11D3-BF4B-00C04F79EFBC}") = "ThirdOpinion.Common.Fhir", "ThirdOpinion.Common.Fhir\ThirdOpinion.Common.Fhir.csproj", "{A7E13501-3504-4416-A426-10220C176469}"
EndProject
Project("{FAE04EC0-301F-11D3-BF4B-00C04F79EFBC}") = "ThirdOpinion.Common.Aws.HealthLake", "ThirdOpinion.Common.Aws.HealthLake\ThirdOpinion.Common.Aws.HealthLake.csproj", "{719B502A-2ABD-4AB3-9585-A72F74B75EB3}"
EndProject
Project("{FAE04EC0-301F-11D3-BF4B-00C04F79EFBC}") = "ThirdOpinion.Common.AthenaEhr", "ThirdOpinion.Common.AthenaEhr\ThirdOpinion.Common.AthenaEhr.csproj", "{EE819209-7883-498C-ABAB-1B620C77DEE0}"
EndProject
Project("{FAE04EC0-301F-11D3-BF4B-00C04F79EFBC}") = "ThirdOpinion.Common.Logging", "ThirdOpinion.Common.Logging\ThirdOpinion.Common.Logging.csproj", "{60379CED-EF2A-42B9-BBE4-9C509AD16D5C}"
EndProject
Project("{FAE04EC0-301F-11D3-BF4B-00C04F79EFBC}") = "ThirdOpinion.Common.Aws.Misc", "ThirdOpinion.Common.Aws.Misc\ThirdOpinion.Common.Aws.Misc.csproj", "{4690BED9-BD37-4D08-8FAB-EA9D9EDD56BC}"
EndProject
Project("{FAE04EC0-301F-11D3-BF4B-00C04F79EFBC}") = "ThirdOpinion.Common.Fhir.Documents", "ThirdOpinion.Common.Fhir.Documents\ThirdOpinion.Common.Fhir.Documents.csproj", "{09EC1B3B-DF2A-42AA-A4B8-E519EB82161D}"
EndProject
Project("{FAE04EC0-301F-11D3-BF4B-00C04F79EFBC}") = "ThirdOpinion.Common.Langfuse", "ThirdOpinion.Common.Langfuse\ThirdOpinion.Common.Langfuse.csproj", "{1D1369F4-63A8-402F-939B-F3D21E5CE3F1}"
EndProject
Project("{FAE04EC0-301F-11D3-BF4B-00C04F79EFBC}") = "ThirdOpinion.Common.Aws.Bedrock", "ThirdOpinion.Common.Aws.Bedrock\ThirdOpinion.Common.Aws.Bedrock.csproj", "{59D44678-7846-4788-B7C4-E587502DB573}"
EndProject
Project("{FAE04EC0-301F-11D3-BF4B-00C04F79EFBC}") = "ThirdOpinion.Common.Aws.HealthLake.Tests", "ThirdOpinion.Common.Aws.HealthLake.Tests\ThirdOpinion.Common.Aws.HealthLake.Tests.csproj", "{548DE46E-2E12-49DF-B307-EF25717E89DA}"
EndProject
Project("{FAE04EC0-301F-11D3-BF4B-00C04F79EFBC}") = "ThirdOpinion.Common.Logging.Tests", "ThirdOpinion.Common.Logging.Tests\ThirdOpinion.Common.Logging.Tests.csproj", "{D3204FAB-36C2-4720-876A-97C730CD0AF9}"
EndProject
Project("{FAE04EC0-301F-11D3-BF4B-00C04F79EFBC}") = "ThirdOpinion.Common.Misc.Tests", "ThirdOpinion.Common.Misc.Tests\ThirdOpinion.Common.Misc.Tests.csproj", "{29B91A8A-C847-4843-A048-B35040E130DF}"
EndProject
Project("{FAE04EC0-301F-11D3-BF4B-00C04F79EFBC}") = "ThirdOpinion.Common", "src\ThirdOpinion.Common.csproj", "{AAD897A0-5DAA-45AB-8885-5E52B69BBD79}"
EndProject
Project("{FAE04EC0-301F-11D3-BF4B-00C04F79EFBC}") = "ThirdOpinion.Common.Sample", "ThirdOpinion.Common.Sample\ThirdOpinion.Common.Sample.csproj", "{6E058A5A-5EA2-45A9-80E3-458787CBEA5C}"
EndProject
Project("{FAE04EC0-301F-11D3-BF4B-00C04F79EFBC}") = "ThirdOpinion.Common.DataFlow", "ThirdOpinion.Common.DataFlow\ThirdOpinion.Common.DataFlow.csproj", "{A872EDEC-8198-458D-B299-D4A877A7AFA0}"
EndProject
Project("{FAE04EC0-301F-11D3-BF4B-00C04F79EFBC}") = "ThirdOpinion.Common.DataFlow.TestHarness", "ThirdOpinion.Common.DataFlow.TestHarness\ThirdOpinion.Common.DataFlow.TestHarness.csproj", "{A6272F81-6254-49A2-8B06-380A344BE669}"
EndProject
Project("{FAE04EC0-301F-11D3-BF4B-00C04F79EFBC}") = "ThirdOpinion.Common.DataFlow.Tests", "ThirdOpinion.Common.DataFlow.Tests\ThirdOpinion.Common.DataFlow.Tests.csproj", "{56919006-1DB4-4A06-9104-22218DEE8E65}"
EndProject
Project("{FAE04EC0-301F-11D3-BF4B-00C04F79EFBC}") = "ThirdOpinion.Common.IA.Pipelines", "ThirdOpinion.Common.IA.Pipelines\ThirdOpinion.Common.IA.Pipelines.csproj", "{6AEFAF4F-C0E3-411D-9DB2-A459409749F2}"
EndProject
Project("{FAE04EC0-301F-11D3-BF4B-00C04F79EFBC}") = "ThirdOpinion.Common.IA.Pipelines.TestHarness", "ThirdOpinion.Common.IA.Pipelines.TestHarness\ThirdOpinion.Common.IA.Pipelines.TestHarness.csproj", "{4A1A1C91-CBF2-4700-B26D-471DEFDD5813}"
EndProject
Project("{FAE04EC0-301F-11D3-BF4B-00C04F79EFBC}") = "ThirdOpinion.Common.IA.Pipelines.Tests", "ThirdOpinion.Common.IA.Pipelines.Tests\ThirdOpinion.Common.IA.Pipelines.Tests.csproj", "{14781815-0C80-4CE7-9763-EAE2C42BE618}"
EndProject
Global
	GlobalSection(SolutionConfigurationPlatforms) = preSolution
		Debug|Any CPU = Debug|Any CPU
		Debug|x64 = Debug|x64
		Debug|x86 = Debug|x86
		Release|Any CPU = Release|Any CPU
		Release|x64 = Release|x64
		Release|x86 = Release|x86
	EndGlobalSection
	GlobalSection(ProjectConfigurationPlatforms) = postSolution
		{DD6EE489-B293-4CE7-8E89-4C33B3F4CC86}.Debug|Any CPU.ActiveCfg = Debug|Any CPU
		{DD6EE489-B293-4CE7-8E89-4C33B3F4CC86}.Debug|Any CPU.Build.0 = Debug|Any CPU
		{DD6EE489-B293-4CE7-8E89-4C33B3F4CC86}.Debug|x64.ActiveCfg = Debug|Any CPU
		{DD6EE489-B293-4CE7-8E89-4C33B3F4CC86}.Debug|x64.Build.0 = Debug|Any CPU
		{DD6EE489-B293-4CE7-8E89-4C33B3F4CC86}.Debug|x86.ActiveCfg = Debug|Any CPU
		{DD6EE489-B293-4CE7-8E89-4C33B3F4CC86}.Debug|x86.Build.0 = Debug|Any CPU
		{DD6EE489-B293-4CE7-8E89-4C33B3F4CC86}.Release|Any CPU.ActiveCfg = Release|Any CPU
		{DD6EE489-B293-4CE7-8E89-4C33B3F4CC86}.Release|Any CPU.Build.0 = Release|Any CPU
		{DD6EE489-B293-4CE7-8E89-4C33B3F4CC86}.Release|x64.ActiveCfg = Release|Any CPU
		{DD6EE489-B293-4CE7-8E89-4C33B3F4CC86}.Release|x64.Build.0 = Release|Any CPU
		{DD6EE489-B293-4CE7-8E89-4C33B3F4CC86}.Release|x86.ActiveCfg = Release|Any CPU
		{DD6EE489-B293-4CE7-8E89-4C33B3F4CC86}.Release|x86.Build.0 = Release|Any CPU
		{91A43C8D-3758-4FCF-9A87-3DA1C325FC93}.Debug|Any CPU.ActiveCfg = Debug|Any CPU
		{91A43C8D-3758-4FCF-9A87-3DA1C325FC93}.Debug|Any CPU.Build.0 = Debug|Any CPU
		{91A43C8D-3758-4FCF-9A87-3DA1C325FC93}.Debug|x64.ActiveCfg = Debug|Any CPU
		{91A43C8D-3758-4FCF-9A87-3DA1C325FC93}.Debug|x64.Build.0 = Debug|Any CPU
		{91A43C8D-3758-4FCF-9A87-3DA1C325FC93}.Debug|x86.ActiveCfg = Debug|Any CPU
		{91A43C8D-3758-4FCF-9A87-3DA1C325FC93}.Debug|x86.Build.0 = Debug|Any CPU
		{91A43C8D-3758-4FCF-9A87-3DA1C325FC93}.Release|Any CPU.ActiveCfg = Release|Any CPU
		{91A43C8D-3758-4FCF-9A87-3DA1C325FC93}.Release|Any CPU.Build.0 = Release|Any CPU
		{91A43C8D-3758-4FCF-9A87-3DA1C325FC93}.Release|x64.ActiveCfg = Release|Any CPU
		{91A43C8D-3758-4FCF-9A87-3DA1C325FC93}.Release|x64.Build.0 = Release|Any CPU
		{91A43C8D-3758-4FCF-9A87-3DA1C325FC93}.Release|x86.ActiveCfg = Release|Any CPU
		{91A43C8D-3758-4FCF-9A87-3DA1C325FC93}.Release|x86.Build.0 = Release|Any CPU
		{3A9A1893-C6B1-4C51-BF6F-D16AB480A420}.Debug|Any CPU.ActiveCfg = Debug|Any CPU
		{3A9A1893-C6B1-4C51-BF6F-D16AB480A420}.Debug|Any CPU.Build.0 = Debug|Any CPU
		{3A9A1893-C6B1-4C51-BF6F-D16AB480A420}.Debug|x64.ActiveCfg = Debug|Any CPU
		{3A9A1893-C6B1-4C51-BF6F-D16AB480A420}.Debug|x64.Build.0 = Debug|Any CPU
		{3A9A1893-C6B1-4C51-BF6F-D16AB480A420}.Debug|x86.ActiveCfg = Debug|Any CPU
		{3A9A1893-C6B1-4C51-BF6F-D16AB480A420}.Debug|x86.Build.0 = Debug|Any CPU
		{3A9A1893-C6B1-4C51-BF6F-D16AB480A420}.Release|Any CPU.ActiveCfg = Release|Any CPU
		{3A9A1893-C6B1-4C51-BF6F-D16AB480A420}.Release|Any CPU.Build.0 = Release|Any CPU
		{3A9A1893-C6B1-4C51-BF6F-D16AB480A420}.Release|x64.ActiveCfg = Release|Any CPU
		{3A9A1893-C6B1-4C51-BF6F-D16AB480A420}.Release|x64.Build.0 = Release|Any CPU
		{3A9A1893-C6B1-4C51-BF6F-D16AB480A420}.Release|x86.ActiveCfg = Release|Any CPU
		{3A9A1893-C6B1-4C51-BF6F-D16AB480A420}.Release|x86.Build.0 = Release|Any CPU
		{3F6E4900-2F30-4DC8-B1AB-B289DBB8ED53}.Debug|Any CPU.ActiveCfg = Debug|Any CPU
		{3F6E4900-2F30-4DC8-B1AB-B289DBB8ED53}.Debug|Any CPU.Build.0 = Debug|Any CPU
		{3F6E4900-2F30-4DC8-B1AB-B289DBB8ED53}.Debug|x64.ActiveCfg = Debug|Any CPU
		{3F6E4900-2F30-4DC8-B1AB-B289DBB8ED53}.Debug|x64.Build.0 = Debug|Any CPU
		{3F6E4900-2F30-4DC8-B1AB-B289DBB8ED53}.Debug|x86.ActiveCfg = Debug|Any CPU
		{3F6E4900-2F30-4DC8-B1AB-B289DBB8ED53}.Debug|x86.Build.0 = Debug|Any CPU
		{3F6E4900-2F30-4DC8-B1AB-B289DBB8ED53}.Release|Any CPU.ActiveCfg = Release|Any CPU
		{3F6E4900-2F30-4DC8-B1AB-B289DBB8ED53}.Release|Any CPU.Build.0 = Release|Any CPU
		{3F6E4900-2F30-4DC8-B1AB-B289DBB8ED53}.Release|x64.ActiveCfg = Release|Any CPU
		{3F6E4900-2F30-4DC8-B1AB-B289DBB8ED53}.Release|x64.Build.0 = Release|Any CPU
		{3F6E4900-2F30-4DC8-B1AB-B289DBB8ED53}.Release|x86.ActiveCfg = Release|Any CPU
		{3F6E4900-2F30-4DC8-B1AB-B289DBB8ED53}.Release|x86.Build.0 = Release|Any CPU
		{2E096372-94DF-4213-AF37-DA739A644CCB}.Debug|Any CPU.ActiveCfg = Debug|Any CPU
		{2E096372-94DF-4213-AF37-DA739A644CCB}.Debug|Any CPU.Build.0 = Debug|Any CPU
		{2E096372-94DF-4213-AF37-DA739A644CCB}.Debug|x64.ActiveCfg = Debug|Any CPU
		{2E096372-94DF-4213-AF37-DA739A644CCB}.Debug|x64.Build.0 = Debug|Any CPU
		{2E096372-94DF-4213-AF37-DA739A644CCB}.Debug|x86.ActiveCfg = Debug|Any CPU
		{2E096372-94DF-4213-AF37-DA739A644CCB}.Debug|x86.Build.0 = Debug|Any CPU
		{2E096372-94DF-4213-AF37-DA739A644CCB}.Release|Any CPU.ActiveCfg = Release|Any CPU
		{2E096372-94DF-4213-AF37-DA739A644CCB}.Release|Any CPU.Build.0 = Release|Any CPU
		{2E096372-94DF-4213-AF37-DA739A644CCB}.Release|x64.ActiveCfg = Release|Any CPU
		{2E096372-94DF-4213-AF37-DA739A644CCB}.Release|x64.Build.0 = Release|Any CPU
		{2E096372-94DF-4213-AF37-DA739A644CCB}.Release|x86.ActiveCfg = Release|Any CPU
		{2E096372-94DF-4213-AF37-DA739A644CCB}.Release|x86.Build.0 = Release|Any CPU
		{5D1B7C8C-14A5-48F5-85CD-F3B708A96382}.Debug|Any CPU.ActiveCfg = Debug|Any CPU
		{5D1B7C8C-14A5-48F5-85CD-F3B708A96382}.Debug|Any CPU.Build.0 = Debug|Any CPU
		{5D1B7C8C-14A5-48F5-85CD-F3B708A96382}.Debug|x64.ActiveCfg = Debug|Any CPU
		{5D1B7C8C-14A5-48F5-85CD-F3B708A96382}.Debug|x64.Build.0 = Debug|Any CPU
		{5D1B7C8C-14A5-48F5-85CD-F3B708A96382}.Debug|x86.ActiveCfg = Debug|Any CPU
		{5D1B7C8C-14A5-48F5-85CD-F3B708A96382}.Debug|x86.Build.0 = Debug|Any CPU
		{5D1B7C8C-14A5-48F5-85CD-F3B708A96382}.Release|Any CPU.ActiveCfg = Release|Any CPU
		{5D1B7C8C-14A5-48F5-85CD-F3B708A96382}.Release|Any CPU.Build.0 = Release|Any CPU
		{5D1B7C8C-14A5-48F5-85CD-F3B708A96382}.Release|x64.ActiveCfg = Release|Any CPU
		{5D1B7C8C-14A5-48F5-85CD-F3B708A96382}.Release|x64.Build.0 = Release|Any CPU
		{5D1B7C8C-14A5-48F5-85CD-F3B708A96382}.Release|x86.ActiveCfg = Release|Any CPU
		{5D1B7C8C-14A5-48F5-85CD-F3B708A96382}.Release|x86.Build.0 = Release|Any CPU
		{96F4676C-613B-41BF-B442-6B1B6C044D81}.Debug|Any CPU.ActiveCfg = Debug|Any CPU
		{96F4676C-613B-41BF-B442-6B1B6C044D81}.Debug|Any CPU.Build.0 = Debug|Any CPU
		{96F4676C-613B-41BF-B442-6B1B6C044D81}.Debug|x64.ActiveCfg = Debug|Any CPU
		{96F4676C-613B-41BF-B442-6B1B6C044D81}.Debug|x64.Build.0 = Debug|Any CPU
		{96F4676C-613B-41BF-B442-6B1B6C044D81}.Debug|x86.ActiveCfg = Debug|Any CPU
		{96F4676C-613B-41BF-B442-6B1B6C044D81}.Debug|x86.Build.0 = Debug|Any CPU
		{96F4676C-613B-41BF-B442-6B1B6C044D81}.Release|Any CPU.ActiveCfg = Release|Any CPU
		{96F4676C-613B-41BF-B442-6B1B6C044D81}.Release|Any CPU.Build.0 = Release|Any CPU
		{96F4676C-613B-41BF-B442-6B1B6C044D81}.Release|x64.ActiveCfg = Release|Any CPU
		{96F4676C-613B-41BF-B442-6B1B6C044D81}.Release|x64.Build.0 = Release|Any CPU
		{96F4676C-613B-41BF-B442-6B1B6C044D81}.Release|x86.ActiveCfg = Release|Any CPU
		{96F4676C-613B-41BF-B442-6B1B6C044D81}.Release|x86.Build.0 = Release|Any CPU
		{B9A4B802-FC87-46B4-8DFD-80CA41BA89E0}.Debug|Any CPU.ActiveCfg = Debug|Any CPU
		{B9A4B802-FC87-46B4-8DFD-80CA41BA89E0}.Debug|Any CPU.Build.0 = Debug|Any CPU
		{B9A4B802-FC87-46B4-8DFD-80CA41BA89E0}.Debug|x64.ActiveCfg = Debug|Any CPU
		{B9A4B802-FC87-46B4-8DFD-80CA41BA89E0}.Debug|x86.ActiveCfg = Debug|Any CPU
		{B9A4B802-FC87-46B4-8DFD-80CA41BA89E0}.Release|Any CPU.ActiveCfg = Release|Any CPU
		{B9A4B802-FC87-46B4-8DFD-80CA41BA89E0}.Release|x64.ActiveCfg = Release|Any CPU
		{B9A4B802-FC87-46B4-8DFD-80CA41BA89E0}.Release|x86.ActiveCfg = Release|Any CPU
		{A33E8D60-ED6A-429B-B9B5-41C28AF4A652}.Debug|Any CPU.ActiveCfg = Debug|Any CPU
		{A33E8D60-ED6A-429B-B9B5-41C28AF4A652}.Debug|Any CPU.Build.0 = Debug|Any CPU
		{A33E8D60-ED6A-429B-B9B5-41C28AF4A652}.Debug|x64.ActiveCfg = Debug|Any CPU
		{A33E8D60-ED6A-429B-B9B5-41C28AF4A652}.Debug|x64.Build.0 = Debug|Any CPU
		{A33E8D60-ED6A-429B-B9B5-41C28AF4A652}.Debug|x86.ActiveCfg = Debug|Any CPU
		{A33E8D60-ED6A-429B-B9B5-41C28AF4A652}.Debug|x86.Build.0 = Debug|Any CPU
		{A33E8D60-ED6A-429B-B9B5-41C28AF4A652}.Release|Any CPU.ActiveCfg = Release|Any CPU
		{A33E8D60-ED6A-429B-B9B5-41C28AF4A652}.Release|Any CPU.Build.0 = Release|Any CPU
		{A33E8D60-ED6A-429B-B9B5-41C28AF4A652}.Release|x64.ActiveCfg = Release|Any CPU
		{A33E8D60-ED6A-429B-B9B5-41C28AF4A652}.Release|x64.Build.0 = Release|Any CPU
		{A33E8D60-ED6A-429B-B9B5-41C28AF4A652}.Release|x86.ActiveCfg = Release|Any CPU
		{A33E8D60-ED6A-429B-B9B5-41C28AF4A652}.Release|x86.Build.0 = Release|Any CPU
		{EF061C85-6736-4641-84CB-E0F9FF22C092}.Debug|Any CPU.ActiveCfg = Debug|Any CPU
		{EF061C85-6736-4641-84CB-E0F9FF22C092}.Debug|Any CPU.Build.0 = Debug|Any CPU
		{EF061C85-6736-4641-84CB-E0F9FF22C092}.Debug|x64.ActiveCfg = Debug|Any CPU
		{EF061C85-6736-4641-84CB-E0F9FF22C092}.Debug|x64.Build.0 = Debug|Any CPU
		{EF061C85-6736-4641-84CB-E0F9FF22C092}.Debug|x86.ActiveCfg = Debug|Any CPU
		{EF061C85-6736-4641-84CB-E0F9FF22C092}.Debug|x86.Build.0 = Debug|Any CPU
		{EF061C85-6736-4641-84CB-E0F9FF22C092}.Release|Any CPU.ActiveCfg = Release|Any CPU
		{EF061C85-6736-4641-84CB-E0F9FF22C092}.Release|Any CPU.Build.0 = Release|Any CPU
		{EF061C85-6736-4641-84CB-E0F9FF22C092}.Release|x64.ActiveCfg = Release|Any CPU
		{EF061C85-6736-4641-84CB-E0F9FF22C092}.Release|x64.Build.0 = Release|Any CPU
		{EF061C85-6736-4641-84CB-E0F9FF22C092}.Release|x86.ActiveCfg = Release|Any CPU
		{EF061C85-6736-4641-84CB-E0F9FF22C092}.Release|x86.Build.0 = Release|Any CPU
		{4EB69A2E-7E3C-47DE-BFD0-971706FCBE02}.Debug|Any CPU.ActiveCfg = Debug|Any CPU
		{4EB69A2E-7E3C-47DE-BFD0-971706FCBE02}.Debug|Any CPU.Build.0 = Debug|Any CPU
		{4EB69A2E-7E3C-47DE-BFD0-971706FCBE02}.Debug|x64.ActiveCfg = Debug|Any CPU
		{4EB69A2E-7E3C-47DE-BFD0-971706FCBE02}.Debug|x64.Build.0 = Debug|Any CPU
		{4EB69A2E-7E3C-47DE-BFD0-971706FCBE02}.Debug|x86.ActiveCfg = Debug|Any CPU
		{4EB69A2E-7E3C-47DE-BFD0-971706FCBE02}.Debug|x86.Build.0 = Debug|Any CPU
		{4EB69A2E-7E3C-47DE-BFD0-971706FCBE02}.Release|Any CPU.ActiveCfg = Release|Any CPU
		{4EB69A2E-7E3C-47DE-BFD0-971706FCBE02}.Release|Any CPU.Build.0 = Release|Any CPU
		{4EB69A2E-7E3C-47DE-BFD0-971706FCBE02}.Release|x64.ActiveCfg = Release|Any CPU
		{4EB69A2E-7E3C-47DE-BFD0-971706FCBE02}.Release|x64.Build.0 = Release|Any CPU
		{4EB69A2E-7E3C-47DE-BFD0-971706FCBE02}.Release|x86.ActiveCfg = Release|Any CPU
		{4EB69A2E-7E3C-47DE-BFD0-971706FCBE02}.Release|x86.Build.0 = Release|Any CPU
		{A7E13501-3504-4416-A426-10220C176469}.Debug|Any CPU.ActiveCfg = Debug|Any CPU
		{A7E13501-3504-4416-A426-10220C176469}.Debug|Any CPU.Build.0 = Debug|Any CPU
		{A7E13501-3504-4416-A426-10220C176469}.Debug|x64.ActiveCfg = Debug|Any CPU
		{A7E13501-3504-4416-A426-10220C176469}.Debug|x64.Build.0 = Debug|Any CPU
		{A7E13501-3504-4416-A426-10220C176469}.Debug|x86.ActiveCfg = Debug|Any CPU
		{A7E13501-3504-4416-A426-10220C176469}.Debug|x86.Build.0 = Debug|Any CPU
		{A7E13501-3504-4416-A426-10220C176469}.Release|Any CPU.ActiveCfg = Release|Any CPU
		{A7E13501-3504-4416-A426-10220C176469}.Release|Any CPU.Build.0 = Release|Any CPU
		{A7E13501-3504-4416-A426-10220C176469}.Release|x64.ActiveCfg = Release|Any CPU
		{A7E13501-3504-4416-A426-10220C176469}.Release|x64.Build.0 = Release|Any CPU
		{A7E13501-3504-4416-A426-10220C176469}.Release|x86.ActiveCfg = Release|Any CPU
		{A7E13501-3504-4416-A426-10220C176469}.Release|x86.Build.0 = Release|Any CPU
		{719B502A-2ABD-4AB3-9585-A72F74B75EB3}.Debug|Any CPU.ActiveCfg = Debug|Any CPU
		{719B502A-2ABD-4AB3-9585-A72F74B75EB3}.Debug|Any CPU.Build.0 = Debug|Any CPU
		{719B502A-2ABD-4AB3-9585-A72F74B75EB3}.Debug|x64.ActiveCfg = Debug|Any CPU
		{719B502A-2ABD-4AB3-9585-A72F74B75EB3}.Debug|x64.Build.0 = Debug|Any CPU
		{719B502A-2ABD-4AB3-9585-A72F74B75EB3}.Debug|x86.ActiveCfg = Debug|Any CPU
		{719B502A-2ABD-4AB3-9585-A72F74B75EB3}.Debug|x86.Build.0 = Debug|Any CPU
		{719B502A-2ABD-4AB3-9585-A72F74B75EB3}.Release|Any CPU.ActiveCfg = Release|Any CPU
		{719B502A-2ABD-4AB3-9585-A72F74B75EB3}.Release|Any CPU.Build.0 = Release|Any CPU
		{719B502A-2ABD-4AB3-9585-A72F74B75EB3}.Release|x64.ActiveCfg = Release|Any CPU
		{719B502A-2ABD-4AB3-9585-A72F74B75EB3}.Release|x64.Build.0 = Release|Any CPU
		{719B502A-2ABD-4AB3-9585-A72F74B75EB3}.Release|x86.ActiveCfg = Release|Any CPU
		{719B502A-2ABD-4AB3-9585-A72F74B75EB3}.Release|x86.Build.0 = Release|Any CPU
		{EE819209-7883-498C-ABAB-1B620C77DEE0}.Debug|Any CPU.ActiveCfg = Debug|Any CPU
		{EE819209-7883-498C-ABAB-1B620C77DEE0}.Debug|Any CPU.Build.0 = Debug|Any CPU
		{EE819209-7883-498C-ABAB-1B620C77DEE0}.Debug|x64.ActiveCfg = Debug|Any CPU
		{EE819209-7883-498C-ABAB-1B620C77DEE0}.Debug|x64.Build.0 = Debug|Any CPU
		{EE819209-7883-498C-ABAB-1B620C77DEE0}.Debug|x86.ActiveCfg = Debug|Any CPU
		{EE819209-7883-498C-ABAB-1B620C77DEE0}.Debug|x86.Build.0 = Debug|Any CPU
		{EE819209-7883-498C-ABAB-1B620C77DEE0}.Release|Any CPU.ActiveCfg = Release|Any CPU
		{EE819209-7883-498C-ABAB-1B620C77DEE0}.Release|Any CPU.Build.0 = Release|Any CPU
		{EE819209-7883-498C-ABAB-1B620C77DEE0}.Release|x64.ActiveCfg = Release|Any CPU
		{EE819209-7883-498C-ABAB-1B620C77DEE0}.Release|x64.Build.0 = Release|Any CPU
		{EE819209-7883-498C-ABAB-1B620C77DEE0}.Release|x86.ActiveCfg = Release|Any CPU
		{EE819209-7883-498C-ABAB-1B620C77DEE0}.Release|x86.Build.0 = Release|Any CPU
		{60379CED-EF2A-42B9-BBE4-9C509AD16D5C}.Debug|Any CPU.ActiveCfg = Debug|Any CPU
		{60379CED-EF2A-42B9-BBE4-9C509AD16D5C}.Debug|Any CPU.Build.0 = Debug|Any CPU
		{60379CED-EF2A-42B9-BBE4-9C509AD16D5C}.Debug|x64.ActiveCfg = Debug|Any CPU
		{60379CED-EF2A-42B9-BBE4-9C509AD16D5C}.Debug|x64.Build.0 = Debug|Any CPU
		{60379CED-EF2A-42B9-BBE4-9C509AD16D5C}.Debug|x86.ActiveCfg = Debug|Any CPU
		{60379CED-EF2A-42B9-BBE4-9C509AD16D5C}.Debug|x86.Build.0 = Debug|Any CPU
		{60379CED-EF2A-42B9-BBE4-9C509AD16D5C}.Release|Any CPU.ActiveCfg = Release|Any CPU
		{60379CED-EF2A-42B9-BBE4-9C509AD16D5C}.Release|Any CPU.Build.0 = Release|Any CPU
		{60379CED-EF2A-42B9-BBE4-9C509AD16D5C}.Release|x64.ActiveCfg = Release|Any CPU
		{60379CED-EF2A-42B9-BBE4-9C509AD16D5C}.Release|x64.Build.0 = Release|Any CPU
		{60379CED-EF2A-42B9-BBE4-9C509AD16D5C}.Release|x86.ActiveCfg = Release|Any CPU
		{60379CED-EF2A-42B9-BBE4-9C509AD16D5C}.Release|x86.Build.0 = Release|Any CPU
		{4690BED9-BD37-4D08-8FAB-EA9D9EDD56BC}.Debug|Any CPU.ActiveCfg = Debug|Any CPU
		{4690BED9-BD37-4D08-8FAB-EA9D9EDD56BC}.Debug|Any CPU.Build.0 = Debug|Any CPU
		{4690BED9-BD37-4D08-8FAB-EA9D9EDD56BC}.Debug|x64.ActiveCfg = Debug|Any CPU
		{4690BED9-BD37-4D08-8FAB-EA9D9EDD56BC}.Debug|x64.Build.0 = Debug|Any CPU
		{4690BED9-BD37-4D08-8FAB-EA9D9EDD56BC}.Debug|x86.ActiveCfg = Debug|Any CPU
		{4690BED9-BD37-4D08-8FAB-EA9D9EDD56BC}.Debug|x86.Build.0 = Debug|Any CPU
		{4690BED9-BD37-4D08-8FAB-EA9D9EDD56BC}.Release|Any CPU.ActiveCfg = Release|Any CPU
		{4690BED9-BD37-4D08-8FAB-EA9D9EDD56BC}.Release|Any CPU.Build.0 = Release|Any CPU
		{4690BED9-BD37-4D08-8FAB-EA9D9EDD56BC}.Release|x64.ActiveCfg = Release|Any CPU
		{4690BED9-BD37-4D08-8FAB-EA9D9EDD56BC}.Release|x64.Build.0 = Release|Any CPU
		{4690BED9-BD37-4D08-8FAB-EA9D9EDD56BC}.Release|x86.ActiveCfg = Release|Any CPU
		{4690BED9-BD37-4D08-8FAB-EA9D9EDD56BC}.Release|x86.Build.0 = Release|Any CPU
		{09EC1B3B-DF2A-42AA-A4B8-E519EB82161D}.Debug|Any CPU.ActiveCfg = Debug|Any CPU
		{09EC1B3B-DF2A-42AA-A4B8-E519EB82161D}.Debug|Any CPU.Build.0 = Debug|Any CPU
		{09EC1B3B-DF2A-42AA-A4B8-E519EB82161D}.Debug|x64.ActiveCfg = Debug|Any CPU
		{09EC1B3B-DF2A-42AA-A4B8-E519EB82161D}.Debug|x64.Build.0 = Debug|Any CPU
		{09EC1B3B-DF2A-42AA-A4B8-E519EB82161D}.Debug|x86.ActiveCfg = Debug|Any CPU
		{09EC1B3B-DF2A-42AA-A4B8-E519EB82161D}.Debug|x86.Build.0 = Debug|Any CPU
		{09EC1B3B-DF2A-42AA-A4B8-E519EB82161D}.Release|Any CPU.ActiveCfg = Release|Any CPU
		{09EC1B3B-DF2A-42AA-A4B8-E519EB82161D}.Release|Any CPU.Build.0 = Release|Any CPU
		{09EC1B3B-DF2A-42AA-A4B8-E519EB82161D}.Release|x64.ActiveCfg = Release|Any CPU
		{09EC1B3B-DF2A-42AA-A4B8-E519EB82161D}.Release|x64.Build.0 = Release|Any CPU
		{09EC1B3B-DF2A-42AA-A4B8-E519EB82161D}.Release|x86.ActiveCfg = Release|Any CPU
		{09EC1B3B-DF2A-42AA-A4B8-E519EB82161D}.Release|x86.Build.0 = Release|Any CPU
		{1D1369F4-63A8-402F-939B-F3D21E5CE3F1}.Debug|Any CPU.ActiveCfg = Debug|Any CPU
		{1D1369F4-63A8-402F-939B-F3D21E5CE3F1}.Debug|Any CPU.Build.0 = Debug|Any CPU
		{1D1369F4-63A8-402F-939B-F3D21E5CE3F1}.Debug|x64.ActiveCfg = Debug|Any CPU
		{1D1369F4-63A8-402F-939B-F3D21E5CE3F1}.Debug|x64.Build.0 = Debug|Any CPU
		{1D1369F4-63A8-402F-939B-F3D21E5CE3F1}.Debug|x86.ActiveCfg = Debug|Any CPU
		{1D1369F4-63A8-402F-939B-F3D21E5CE3F1}.Debug|x86.Build.0 = Debug|Any CPU
		{1D1369F4-63A8-402F-939B-F3D21E5CE3F1}.Release|Any CPU.ActiveCfg = Release|Any CPU
		{1D1369F4-63A8-402F-939B-F3D21E5CE3F1}.Release|Any CPU.Build.0 = Release|Any CPU
		{1D1369F4-63A8-402F-939B-F3D21E5CE3F1}.Release|x64.ActiveCfg = Release|Any CPU
		{1D1369F4-63A8-402F-939B-F3D21E5CE3F1}.Release|x64.Build.0 = Release|Any CPU
		{1D1369F4-63A8-402F-939B-F3D21E5CE3F1}.Release|x86.ActiveCfg = Release|Any CPU
		{1D1369F4-63A8-402F-939B-F3D21E5CE3F1}.Release|x86.Build.0 = Release|Any CPU
		{59D44678-7846-4788-B7C4-E587502DB573}.Debug|Any CPU.ActiveCfg = Debug|Any CPU
		{59D44678-7846-4788-B7C4-E587502DB573}.Debug|Any CPU.Build.0 = Debug|Any CPU
		{59D44678-7846-4788-B7C4-E587502DB573}.Debug|x64.ActiveCfg = Debug|Any CPU
		{59D44678-7846-4788-B7C4-E587502DB573}.Debug|x64.Build.0 = Debug|Any CPU
		{59D44678-7846-4788-B7C4-E587502DB573}.Debug|x86.ActiveCfg = Debug|Any CPU
		{59D44678-7846-4788-B7C4-E587502DB573}.Debug|x86.Build.0 = Debug|Any CPU
		{59D44678-7846-4788-B7C4-E587502DB573}.Release|Any CPU.ActiveCfg = Release|Any CPU
		{59D44678-7846-4788-B7C4-E587502DB573}.Release|Any CPU.Build.0 = Release|Any CPU
		{59D44678-7846-4788-B7C4-E587502DB573}.Release|x64.ActiveCfg = Release|Any CPU
		{59D44678-7846-4788-B7C4-E587502DB573}.Release|x64.Build.0 = Release|Any CPU
		{59D44678-7846-4788-B7C4-E587502DB573}.Release|x86.ActiveCfg = Release|Any CPU
		{59D44678-7846-4788-B7C4-E587502DB573}.Release|x86.Build.0 = Release|Any CPU
		{548DE46E-2E12-49DF-B307-EF25717E89DA}.Debug|Any CPU.ActiveCfg = Debug|Any CPU
		{548DE46E-2E12-49DF-B307-EF25717E89DA}.Debug|Any CPU.Build.0 = Debug|Any CPU
		{548DE46E-2E12-49DF-B307-EF25717E89DA}.Debug|x64.ActiveCfg = Debug|Any CPU
		{548DE46E-2E12-49DF-B307-EF25717E89DA}.Debug|x64.Build.0 = Debug|Any CPU
		{548DE46E-2E12-49DF-B307-EF25717E89DA}.Debug|x86.ActiveCfg = Debug|Any CPU
		{548DE46E-2E12-49DF-B307-EF25717E89DA}.Debug|x86.Build.0 = Debug|Any CPU
		{548DE46E-2E12-49DF-B307-EF25717E89DA}.Release|Any CPU.ActiveCfg = Release|Any CPU
		{548DE46E-2E12-49DF-B307-EF25717E89DA}.Release|Any CPU.Build.0 = Release|Any CPU
		{548DE46E-2E12-49DF-B307-EF25717E89DA}.Release|x64.ActiveCfg = Release|Any CPU
		{548DE46E-2E12-49DF-B307-EF25717E89DA}.Release|x64.Build.0 = Release|Any CPU
		{548DE46E-2E12-49DF-B307-EF25717E89DA}.Release|x86.ActiveCfg = Release|Any CPU
		{548DE46E-2E12-49DF-B307-EF25717E89DA}.Release|x86.Build.0 = Release|Any CPU
		{D3204FAB-36C2-4720-876A-97C730CD0AF9}.Debug|Any CPU.ActiveCfg = Debug|Any CPU
		{D3204FAB-36C2-4720-876A-97C730CD0AF9}.Debug|Any CPU.Build.0 = Debug|Any CPU
		{D3204FAB-36C2-4720-876A-97C730CD0AF9}.Debug|x64.ActiveCfg = Debug|Any CPU
		{D3204FAB-36C2-4720-876A-97C730CD0AF9}.Debug|x64.Build.0 = Debug|Any CPU
		{D3204FAB-36C2-4720-876A-97C730CD0AF9}.Debug|x86.ActiveCfg = Debug|Any CPU
		{D3204FAB-36C2-4720-876A-97C730CD0AF9}.Debug|x86.Build.0 = Debug|Any CPU
		{D3204FAB-36C2-4720-876A-97C730CD0AF9}.Release|Any CPU.ActiveCfg = Release|Any CPU
		{D3204FAB-36C2-4720-876A-97C730CD0AF9}.Release|Any CPU.Build.0 = Release|Any CPU
		{D3204FAB-36C2-4720-876A-97C730CD0AF9}.Release|x64.ActiveCfg = Release|Any CPU
		{D3204FAB-36C2-4720-876A-97C730CD0AF9}.Release|x64.Build.0 = Release|Any CPU
		{D3204FAB-36C2-4720-876A-97C730CD0AF9}.Release|x86.ActiveCfg = Release|Any CPU
		{D3204FAB-36C2-4720-876A-97C730CD0AF9}.Release|x86.Build.0 = Release|Any CPU
		{29B91A8A-C847-4843-A048-B35040E130DF}.Debug|Any CPU.ActiveCfg = Debug|Any CPU
		{29B91A8A-C847-4843-A048-B35040E130DF}.Debug|Any CPU.Build.0 = Debug|Any CPU
		{29B91A8A-C847-4843-A048-B35040E130DF}.Debug|x64.ActiveCfg = Debug|Any CPU
		{29B91A8A-C847-4843-A048-B35040E130DF}.Debug|x64.Build.0 = Debug|Any CPU
		{29B91A8A-C847-4843-A048-B35040E130DF}.Debug|x86.ActiveCfg = Debug|Any CPU
		{29B91A8A-C847-4843-A048-B35040E130DF}.Debug|x86.Build.0 = Debug|Any CPU
		{29B91A8A-C847-4843-A048-B35040E130DF}.Release|Any CPU.ActiveCfg = Release|Any CPU
		{29B91A8A-C847-4843-A048-B35040E130DF}.Release|Any CPU.Build.0 = Release|Any CPU
		{29B91A8A-C847-4843-A048-B35040E130DF}.Release|x64.ActiveCfg = Release|Any CPU
		{29B91A8A-C847-4843-A048-B35040E130DF}.Release|x64.Build.0 = Release|Any CPU
		{29B91A8A-C847-4843-A048-B35040E130DF}.Release|x86.ActiveCfg = Release|Any CPU
		{29B91A8A-C847-4843-A048-B35040E130DF}.Release|x86.Build.0 = Release|Any CPU
		{AAD897A0-5DAA-45AB-8885-5E52B69BBD79}.Debug|Any CPU.ActiveCfg = Debug|Any CPU
		{AAD897A0-5DAA-45AB-8885-5E52B69BBD79}.Debug|Any CPU.Build.0 = Debug|Any CPU
		{AAD897A0-5DAA-45AB-8885-5E52B69BBD79}.Debug|x64.ActiveCfg = Debug|Any CPU
		{AAD897A0-5DAA-45AB-8885-5E52B69BBD79}.Debug|x64.Build.0 = Debug|Any CPU
		{AAD897A0-5DAA-45AB-8885-5E52B69BBD79}.Debug|x86.ActiveCfg = Debug|Any CPU
		{AAD897A0-5DAA-45AB-8885-5E52B69BBD79}.Debug|x86.Build.0 = Debug|Any CPU
		{AAD897A0-5DAA-45AB-8885-5E52B69BBD79}.Release|Any CPU.ActiveCfg = Release|Any CPU
		{AAD897A0-5DAA-45AB-8885-5E52B69BBD79}.Release|Any CPU.Build.0 = Release|Any CPU
		{AAD897A0-5DAA-45AB-8885-5E52B69BBD79}.Release|x64.ActiveCfg = Release|Any CPU
		{AAD897A0-5DAA-45AB-8885-5E52B69BBD79}.Release|x64.Build.0 = Release|Any CPU
		{AAD897A0-5DAA-45AB-8885-5E52B69BBD79}.Release|x86.ActiveCfg = Release|Any CPU
		{AAD897A0-5DAA-45AB-8885-5E52B69BBD79}.Release|x86.Build.0 = Release|Any CPU
		{6E058A5A-5EA2-45A9-80E3-458787CBEA5C}.Debug|Any CPU.ActiveCfg = Debug|Any CPU
		{6E058A5A-5EA2-45A9-80E3-458787CBEA5C}.Debug|Any CPU.Build.0 = Debug|Any CPU
		{6E058A5A-5EA2-45A9-80E3-458787CBEA5C}.Debug|x64.ActiveCfg = Debug|Any CPU
		{6E058A5A-5EA2-45A9-80E3-458787CBEA5C}.Debug|x64.Build.0 = Debug|Any CPU
		{6E058A5A-5EA2-45A9-80E3-458787CBEA5C}.Debug|x86.ActiveCfg = Debug|Any CPU
		{6E058A5A-5EA2-45A9-80E3-458787CBEA5C}.Debug|x86.Build.0 = Debug|Any CPU
		{6E058A5A-5EA2-45A9-80E3-458787CBEA5C}.Release|Any CPU.ActiveCfg = Release|Any CPU
		{6E058A5A-5EA2-45A9-80E3-458787CBEA5C}.Release|Any CPU.Build.0 = Release|Any CPU
		{6E058A5A-5EA2-45A9-80E3-458787CBEA5C}.Release|x64.ActiveCfg = Release|Any CPU
		{6E058A5A-5EA2-45A9-80E3-458787CBEA5C}.Release|x64.Build.0 = Release|Any CPU
		{6E058A5A-5EA2-45A9-80E3-458787CBEA5C}.Release|x86.ActiveCfg = Release|Any CPU
		{6E058A5A-5EA2-45A9-80E3-458787CBEA5C}.Release|x86.Build.0 = Release|Any CPU
		{A872EDEC-8198-458D-B299-D4A877A7AFA0}.Debug|Any CPU.ActiveCfg = Debug|Any CPU
		{A872EDEC-8198-458D-B299-D4A877A7AFA0}.Debug|Any CPU.Build.0 = Debug|Any CPU
		{A872EDEC-8198-458D-B299-D4A877A7AFA0}.Debug|x64.ActiveCfg = Debug|Any CPU
		{A872EDEC-8198-458D-B299-D4A877A7AFA0}.Debug|x64.Build.0 = Debug|Any CPU
		{A872EDEC-8198-458D-B299-D4A877A7AFA0}.Debug|x86.ActiveCfg = Debug|Any CPU
		{A872EDEC-8198-458D-B299-D4A877A7AFA0}.Debug|x86.Build.0 = Debug|Any CPU
		{A872EDEC-8198-458D-B299-D4A877A7AFA0}.Release|Any CPU.ActiveCfg = Release|Any CPU
		{A872EDEC-8198-458D-B299-D4A877A7AFA0}.Release|Any CPU.Build.0 = Release|Any CPU
		{A872EDEC-8198-458D-B299-D4A877A7AFA0}.Release|x64.ActiveCfg = Release|Any CPU
		{A872EDEC-8198-458D-B299-D4A877A7AFA0}.Release|x64.Build.0 = Release|Any CPU
		{A872EDEC-8198-458D-B299-D4A877A7AFA0}.Release|x86.ActiveCfg = Release|Any CPU
		{A872EDEC-8198-458D-B299-D4A877A7AFA0}.Release|x86.Build.0 = Release|Any CPU
		{A6272F81-6254-49A2-8B06-380A344BE669}.Debug|Any CPU.ActiveCfg = Debug|Any CPU
		{A6272F81-6254-49A2-8B06-380A344BE669}.Debug|Any CPU.Build.0 = Debug|Any CPU
		{A6272F81-6254-49A2-8B06-380A344BE669}.Debug|x64.ActiveCfg = Debug|Any CPU
		{A6272F81-6254-49A2-8B06-380A344BE669}.Debug|x64.Build.0 = Debug|Any CPU
		{A6272F81-6254-49A2-8B06-380A344BE669}.Debug|x86.ActiveCfg = Debug|Any CPU
		{A6272F81-6254-49A2-8B06-380A344BE669}.Debug|x86.Build.0 = Debug|Any CPU
		{A6272F81-6254-49A2-8B06-380A344BE669}.Release|Any CPU.ActiveCfg = Release|Any CPU
		{A6272F81-6254-49A2-8B06-380A344BE669}.Release|Any CPU.Build.0 = Release|Any CPU
		{A6272F81-6254-49A2-8B06-380A344BE669}.Release|x64.ActiveCfg = Release|Any CPU
		{A6272F81-6254-49A2-8B06-380A344BE669}.Release|x64.Build.0 = Release|Any CPU
		{A6272F81-6254-49A2-8B06-380A344BE669}.Release|x86.ActiveCfg = Release|Any CPU
		{A6272F81-6254-49A2-8B06-380A344BE669}.Release|x86.Build.0 = Release|Any CPU
		{56919006-1DB4-4A06-9104-22218DEE8E65}.Debug|Any CPU.ActiveCfg = Debug|Any CPU
		{56919006-1DB4-4A06-9104-22218DEE8E65}.Debug|Any CPU.Build.0 = Debug|Any CPU
		{56919006-1DB4-4A06-9104-22218DEE8E65}.Debug|x64.ActiveCfg = Debug|Any CPU
		{56919006-1DB4-4A06-9104-22218DEE8E65}.Debug|x64.Build.0 = Debug|Any CPU
		{56919006-1DB4-4A06-9104-22218DEE8E65}.Debug|x86.ActiveCfg = Debug|Any CPU
		{56919006-1DB4-4A06-9104-22218DEE8E65}.Debug|x86.Build.0 = Debug|Any CPU
		{56919006-1DB4-4A06-9104-22218DEE8E65}.Release|Any CPU.ActiveCfg = Release|Any CPU
		{56919006-1DB4-4A06-9104-22218DEE8E65}.Release|Any CPU.Build.0 = Release|Any CPU
		{56919006-1DB4-4A06-9104-22218DEE8E65}.Release|x64.ActiveCfg = Release|Any CPU
		{56919006-1DB4-4A06-9104-22218DEE8E65}.Release|x64.Build.0 = Release|Any CPU
		{56919006-1DB4-4A06-9104-22218DEE8E65}.Release|x86.ActiveCfg = Release|Any CPU
		{56919006-1DB4-4A06-9104-22218DEE8E65}.Release|x86.Build.0 = Release|Any CPU
		{6AEFAF4F-C0E3-411D-9DB2-A459409749F2}.Debug|Any CPU.ActiveCfg = Debug|Any CPU
		{6AEFAF4F-C0E3-411D-9DB2-A459409749F2}.Debug|Any CPU.Build.0 = Debug|Any CPU
		{6AEFAF4F-C0E3-411D-9DB2-A459409749F2}.Debug|x64.ActiveCfg = Debug|Any CPU
		{6AEFAF4F-C0E3-411D-9DB2-A459409749F2}.Debug|x64.Build.0 = Debug|Any CPU
		{6AEFAF4F-C0E3-411D-9DB2-A459409749F2}.Debug|x86.ActiveCfg = Debug|Any CPU
		{6AEFAF4F-C0E3-411D-9DB2-A459409749F2}.Debug|x86.Build.0 = Debug|Any CPU
		{6AEFAF4F-C0E3-411D-9DB2-A459409749F2}.Release|Any CPU.ActiveCfg = Release|Any CPU
		{6AEFAF4F-C0E3-411D-9DB2-A459409749F2}.Release|Any CPU.Build.0 = Release|Any CPU
		{6AEFAF4F-C0E3-411D-9DB2-A459409749F2}.Release|x64.ActiveCfg = Release|Any CPU
		{6AEFAF4F-C0E3-411D-9DB2-A459409749F2}.Release|x64.Build.0 = Release|Any CPU
		{6AEFAF4F-C0E3-411D-9DB2-A459409749F2}.Release|x86.ActiveCfg = Release|Any CPU
		{6AEFAF4F-C0E3-411D-9DB2-A459409749F2}.Release|x86.Build.0 = Release|Any CPU
		{4A1A1C91-CBF2-4700-B26D-471DEFDD5813}.Debug|Any CPU.ActiveCfg = Debug|Any CPU
		{4A1A1C91-CBF2-4700-B26D-471DEFDD5813}.Debug|Any CPU.Build.0 = Debug|Any CPU
		{4A1A1C91-CBF2-4700-B26D-471DEFDD5813}.Debug|x64.ActiveCfg = Debug|Any CPU
		{4A1A1C91-CBF2-4700-B26D-471DEFDD5813}.Debug|x64.Build.0 = Debug|Any CPU
		{4A1A1C91-CBF2-4700-B26D-471DEFDD5813}.Debug|x86.ActiveCfg = Debug|Any CPU
		{4A1A1C91-CBF2-4700-B26D-471DEFDD5813}.Debug|x86.Build.0 = Debug|Any CPU
		{4A1A1C91-CBF2-4700-B26D-471DEFDD5813}.Release|Any CPU.ActiveCfg = Release|Any CPU
		{4A1A1C91-CBF2-4700-B26D-471DEFDD5813}.Release|Any CPU.Build.0 = Release|Any CPU
		{4A1A1C91-CBF2-4700-B26D-471DEFDD5813}.Release|x64.ActiveCfg = Release|Any CPU
		{4A1A1C91-CBF2-4700-B26D-471DEFDD5813}.Release|x64.Build.0 = Release|Any CPU
		{4A1A1C91-CBF2-4700-B26D-471DEFDD5813}.Release|x86.ActiveCfg = Release|Any CPU
		{4A1A1C91-CBF2-4700-B26D-471DEFDD5813}.Release|x86.Build.0 = Release|Any CPU
		{14781815-0C80-4CE7-9763-EAE2C42BE618}.Debug|Any CPU.ActiveCfg = Debug|Any CPU
		{14781815-0C80-4CE7-9763-EAE2C42BE618}.Debug|Any CPU.Build.0 = Debug|Any CPU
		{14781815-0C80-4CE7-9763-EAE2C42BE618}.Debug|x64.ActiveCfg = Debug|Any CPU
		{14781815-0C80-4CE7-9763-EAE2C42BE618}.Debug|x64.Build.0 = Debug|Any CPU
		{14781815-0C80-4CE7-9763-EAE2C42BE618}.Debug|x86.ActiveCfg = Debug|Any CPU
		{14781815-0C80-4CE7-9763-EAE2C42BE618}.Debug|x86.Build.0 = Debug|Any CPU
		{14781815-0C80-4CE7-9763-EAE2C42BE618}.Release|Any CPU.ActiveCfg = Release|Any CPU
		{14781815-0C80-4CE7-9763-EAE2C42BE618}.Release|Any CPU.Build.0 = Release|Any CPU
		{14781815-0C80-4CE7-9763-EAE2C42BE618}.Release|x64.ActiveCfg = Release|Any CPU
		{14781815-0C80-4CE7-9763-EAE2C42BE618}.Release|x64.Build.0 = Release|Any CPU
		{14781815-0C80-4CE7-9763-EAE2C42BE618}.Release|x86.ActiveCfg = Release|Any CPU
		{14781815-0C80-4CE7-9763-EAE2C42BE618}.Release|x86.Build.0 = Release|Any CPU
	EndGlobalSection
	GlobalSection(SolutionProperties) = preSolution
		HideSolutionNode = FALSE
	EndGlobalSection
	GlobalSection(NestedProjects) = preSolution
	EndGlobalSection
EndGlobal
